// !$*UTF8*$!
{
	archiveVersion = 1;
	classes = {
	};
	objectVersion = 50;
	objects = {

/* Begin PBXBuildFile section */
		7203852526B83C930069EE18 /* Model.xcdatamodeld in Sources */ = {isa = PBXBuildFile; fileRef = 7203852326B83C930069EE18 /* Model.xcdatamodeld */; };
		7203853226B858BC0069EE18 /* Users+CoreDataClass.swift in Sources */ = {isa = PBXBuildFile; fileRef = 7203852E26B858BC0069EE18 /* Users+CoreDataClass.swift */; };
		7203853326B858BC0069EE18 /* Users+CoreDataProperties.swift in Sources */ = {isa = PBXBuildFile; fileRef = 7203852F26B858BC0069EE18 /* Users+CoreDataProperties.swift */; };
		7203853426B858BC0069EE18 /* Friends+CoreDataClass.swift in Sources */ = {isa = PBXBuildFile; fileRef = 7203853026B858BC0069EE18 /* Friends+CoreDataClass.swift */; };
		7203853526B858BC0069EE18 /* Friends+CoreDataProperties.swift in Sources */ = {isa = PBXBuildFile; fileRef = 7203853126B858BC0069EE18 /* Friends+CoreDataProperties.swift */; };
		724996E526B7002500E1955C /* AppDelegate.swift in Sources */ = {isa = PBXBuildFile; fileRef = 724996E426B7002500E1955C /* AppDelegate.swift */; };
		724996E726B7002500E1955C /* SceneDelegate.swift in Sources */ = {isa = PBXBuildFile; fileRef = 724996E626B7002500E1955C /* SceneDelegate.swift */; };
		724996E926B7002500E1955C /* ContentView.swift in Sources */ = {isa = PBXBuildFile; fileRef = 724996E826B7002500E1955C /* ContentView.swift */; };
		724996EB26B7002800E1955C /* Assets.xcassets in Resources */ = {isa = PBXBuildFile; fileRef = 724996EA26B7002800E1955C /* Assets.xcassets */; };
		724996EE26B7002800E1955C /* Preview Assets.xcassets in Resources */ = {isa = PBXBuildFile; fileRef = 724996ED26B7002800E1955C /* Preview Assets.xcassets */; };
		724996F126B7002800E1955C /* LaunchScreen.storyboard in Resources */ = {isa = PBXBuildFile; fileRef = 724996EF26B7002800E1955C /* LaunchScreen.storyboard */; };
		724996F926B7022300E1955C /* User.swift in Sources */ = {isa = PBXBuildFile; fileRef = 724996F826B7022300E1955C /* User.swift */; };
		724996FB26B7029500E1955C /* Friend.swift in Sources */ = {isa = PBXBuildFile; fileRef = 724996FA26B7029500E1955C /* Friend.swift */; };
		72602EB626B7446C004588BD /* UserDetailsView.swift in Sources */ = {isa = PBXBuildFile; fileRef = 72602EB526B7446C004588BD /* UserDetailsView.swift */; };
		72602EB826B74A9C004588BD /* FriendView.swift in Sources */ = {isa = PBXBuildFile; fileRef = 72602EB726B74A9C004588BD /* FriendView.swift */; };
/* End PBXBuildFile section */

/* Begin PBXFileReference section */
		7203852426B83C930069EE18 /* Model.xcdatamodel */ = {isa = PBXFileReference; lastKnownFileType = wrapper.xcdatamodel; path = Model.xcdatamodel; sourceTree = "<group>"; };
		7203852E26B858BC0069EE18 /* Users+CoreDataClass.swift */ = {isa = PBXFileReference; lastKnownFileType = sourcecode.swift; path = "Users+CoreDataClass.swift"; sourceTree = "<group>"; };
		7203852F26B858BC0069EE18 /* Users+CoreDataProperties.swift */ = {isa = PBXFileReference; lastKnownFileType = sourcecode.swift; path = "Users+CoreDataProperties.swift"; sourceTree = "<group>"; };
		7203853026B858BC0069EE18 /* Friends+CoreDataClass.swift */ = {isa = PBXFileReference; lastKnownFileType = sourcecode.swift; path = "Friends+CoreDataClass.swift"; sourceTree = "<group>"; };
		7203853126B858BC0069EE18 /* Friends+CoreDataProperties.swift */ = {isa = PBXFileReference; lastKnownFileType = sourcecode.swift; path = "Friends+CoreDataProperties.swift"; sourceTree = "<group>"; };
		724996E126B7002500E1955C /* FriendFace.app */ = {isa = PBXFileReference; explicitFileType = wrapper.application; includeInIndex = 0; path = FriendFace.app; sourceTree = BUILT_PRODUCTS_DIR; };
		724996E426B7002500E1955C /* AppDelegate.swift */ = {isa = PBXFileReference; lastKnownFileType = sourcecode.swift; path = AppDelegate.swift; sourceTree = "<group>"; };
		724996E626B7002500E1955C /* SceneDelegate.swift */ = {isa = PBXFileReference; lastKnownFileType = sourcecode.swift; path = SceneDelegate.swift; sourceTree = "<group>"; };
		724996E826B7002500E1955C /* ContentView.swift */ = {isa = PBXFileReference; lastKnownFileType = sourcecode.swift; path = ContentView.swift; sourceTree = "<group>"; };
		724996EA26B7002800E1955C /* Assets.xcassets */ = {isa = PBXFileReference; lastKnownFileType = folder.assetcatalog; path = Assets.xcassets; sourceTree = "<group>"; };
		724996ED26B7002800E1955C /* Preview Assets.xcassets */ = {isa = PBXFileReference; lastKnownFileType = folder.assetcatalog; path = "Preview Assets.xcassets"; sourceTree = "<group>"; };
		724996F026B7002800E1955C /* Base */ = {isa = PBXFileReference; lastKnownFileType = file.storyboard; name = Base; path = Base.lproj/LaunchScreen.storyboard; sourceTree = "<group>"; };
		724996F226B7002800E1955C /* Info.plist */ = {isa = PBXFileReference; lastKnownFileType = text.plist.xml; path = Info.plist; sourceTree = "<group>"; };
		724996F826B7022300E1955C /* User.swift */ = {isa = PBXFileReference; lastKnownFileType = sourcecode.swift; path = User.swift; sourceTree = "<group>"; };
		724996FA26B7029500E1955C /* Friend.swift */ = {isa = PBXFileReference; lastKnownFileType = sourcecode.swift; path = Friend.swift; sourceTree = "<group>"; };
		72602EB526B7446C004588BD /* UserDetailsView.swift */ = {isa = PBXFileReference; lastKnownFileType = sourcecode.swift; path = UserDetailsView.swift; sourceTree = "<group>"; };
		72602EB726B74A9C004588BD /* FriendView.swift */ = {isa = PBXFileReference; lastKnownFileType = sourcecode.swift; path = FriendView.swift; sourceTree = "<group>"; };
/* End PBXFileReference section */

/* Begin PBXFrameworksBuildPhase section */
		724996DE26B7002500E1955C /* Frameworks */ = {
			isa = PBXFrameworksBuildPhase;
			buildActionMask = 2147483647;
			files = (
			);
			runOnlyForDeploymentPostprocessing = 0;
		};
/* End PBXFrameworksBuildPhase section */

/* Begin PBXGroup section */
		724996D826B7002500E1955C = {
			isa = PBXGroup;
			children = (
				7203852E26B858BC0069EE18 /* Users+CoreDataClass.swift */,
				7203852F26B858BC0069EE18 /* Users+CoreDataProperties.swift */,
				7203853026B858BC0069EE18 /* Friends+CoreDataClass.swift */,
				7203853126B858BC0069EE18 /* Friends+CoreDataProperties.swift */,
				7203852326B83C930069EE18 /* Model.xcdatamodeld */,
				72602EB526B7446C004588BD /* UserDetailsView.swift */,
				72602EB726B74A9C004588BD /* FriendView.swift */,
				724996E326B7002500E1955C /* FriendFace */,
				724996E226B7002500E1955C /* Products */,
			);
			sourceTree = "<group>";
		};
		724996E226B7002500E1955C /* Products */ = {
			isa = PBXGroup;
			children = (
				724996E126B7002500E1955C /* FriendFace.app */,
			);
			name = Products;
			sourceTree = "<group>";
		};
		724996E326B7002500E1955C /* FriendFace */ = {
			isa = PBXGroup;
			children = (
				724996E426B7002500E1955C /* AppDelegate.swift */,
				724996E626B7002500E1955C /* SceneDelegate.swift */,
				724996E826B7002500E1955C /* ContentView.swift */,
				724996F826B7022300E1955C /* User.swift */,
				724996FA26B7029500E1955C /* Friend.swift */,
				724996EA26B7002800E1955C /* Assets.xcassets */,
				724996EF26B7002800E1955C /* LaunchScreen.storyboard */,
				724996F226B7002800E1955C /* Info.plist */,
				724996EC26B7002800E1955C /* Preview Content */,
			);
			path = FriendFace;
			sourceTree = "<group>";
		};
		724996EC26B7002800E1955C /* Preview Content */ = {
			isa = PBXGroup;
			children = (
				724996ED26B7002800E1955C /* Preview Assets.xcassets */,
			);
			path = "Preview Content";
			sourceTree = "<group>";
		};
/* End PBXGroup section */

/* Begin PBXNativeTarget section */
		724996E026B7002500E1955C /* FriendFace */ = {
			isa = PBXNativeTarget;
			buildConfigurationList = 724996F526B7002800E1955C /* Build configuration list for PBXNativeTarget "FriendFace" */;
			buildPhases = (
				724996DD26B7002500E1955C /* Sources */,
				724996DE26B7002500E1955C /* Frameworks */,
				724996DF26B7002500E1955C /* Resources */,
			);
			buildRules = (
			);
			dependencies = (
			);
			name = FriendFace;
			productName = FriendFace;
			productReference = 724996E126B7002500E1955C /* FriendFace.app */;
			productType = "com.apple.product-type.application";
		};
/* End PBXNativeTarget section */

/* Begin PBXProject section */
		724996D926B7002500E1955C /* Project object */ = {
			isa = PBXProject;
			attributes = {
				LastSwiftUpdateCheck = 1250;
				LastUpgradeCheck = 1250;
				TargetAttributes = {
					724996E026B7002500E1955C = {
						CreatedOnToolsVersion = 12.5;
					};
				};
			};
			buildConfigurationList = 724996DC26B7002500E1955C /* Build configuration list for PBXProject "FriendFace" */;
			compatibilityVersion = "Xcode 9.3";
			developmentRegion = en;
			hasScannedForEncodings = 0;
			knownRegions = (
				en,
				Base,
			);
			mainGroup = 724996D826B7002500E1955C;
			productRefGroup = 724996E226B7002500E1955C /* Products */;
			projectDirPath = "";
			projectRoot = "";
			targets = (
				724996E026B7002500E1955C /* FriendFace */,
			);
		};
/* End PBXProject section */

/* Begin PBXResourcesBuildPhase section */
		724996DF26B7002500E1955C /* Resources */ = {
			isa = PBXResourcesBuildPhase;
			buildActionMask = 2147483647;
			files = (
				724996F126B7002800E1955C /* LaunchScreen.storyboard in Resources */,
				724996EE26B7002800E1955C /* Preview Assets.xcassets in Resources */,
				724996EB26B7002800E1955C /* Assets.xcassets in Resources */,
			);
			runOnlyForDeploymentPostprocessing = 0;
		};
/* End PBXResourcesBuildPhase section */

/* Begin PBXSourcesBuildPhase section */
		724996DD26B7002500E1955C /* Sources */ = {
			isa = PBXSourcesBuildPhase;
			buildActionMask = 2147483647;
			files = (
				72602EB826B74A9C004588BD /* FriendView.swift in Sources */,
				724996F926B7022300E1955C /* User.swift in Sources */,
				724996E526B7002500E1955C /* AppDelegate.swift in Sources */,
				7203852526B83C930069EE18 /* Model.xcdatamodeld in Sources */,
				7203853326B858BC0069EE18 /* Users+CoreDataProperties.swift in Sources */,
				724996FB26B7029500E1955C /* Friend.swift in Sources */,
				7203853526B858BC0069EE18 /* Friends+CoreDataProperties.swift in Sources */,
				724996E726B7002500E1955C /* SceneDelegate.swift in Sources */,
				72602EB626B7446C004588BD /* UserDetailsView.swift in Sources */,
				7203853426B858BC0069EE18 /* Friends+CoreDataClass.swift in Sources */,
				724996E926B7002500E1955C /* ContentView.swift in Sources */,
				7203853226B858BC0069EE18 /* Users+CoreDataClass.swift in Sources */,
			);
			runOnlyForDeploymentPostprocessing = 0;
		};
/* End PBXSourcesBuildPhase section */

/* Begin PBXVariantGroup section */
		724996EF26B7002800E1955C /* LaunchScreen.storyboard */ = {
			isa = PBXVariantGroup;
			children = (
				724996F026B7002800E1955C /* Base */,
			);
			name = LaunchScreen.storyboard;
			sourceTree = "<group>";
		};
/* End PBXVariantGroup section */

/* Begin XCBuildConfiguration section */
		724996F326B7002800E1955C /* Debug */ = {
			isa = XCBuildConfiguration;
			buildSettings = {
				ALWAYS_SEARCH_USER_PATHS = NO;
				CLANG_ANALYZER_NONNULL = YES;
				CLANG_ANALYZER_NUMBER_OBJECT_CONVERSION = YES_AGGRESSIVE;
				CLANG_CXX_LANGUAGE_STANDARD = "gnu++14";
				CLANG_CXX_LIBRARY = "libc++";
				CLANG_ENABLE_MODULES = YES;
				CLANG_ENABLE_OBJC_ARC = YES;
				CLANG_ENABLE_OBJC_WEAK = YES;
				CLANG_WARN_BLOCK_CAPTURE_AUTORELEASING = YES;
				CLANG_WARN_BOOL_CONVERSION = YES;
				CLANG_WARN_COMMA = YES;
				CLANG_WARN_CONSTANT_CONVERSION = YES;
				CLANG_WARN_DEPRECATED_OBJC_IMPLEMENTATIONS = YES;
				CLANG_WARN_DIRECT_OBJC_ISA_USAGE = YES_ERROR;
				CLANG_WARN_DOCUMENTATION_COMMENTS = YES;
				CLANG_WARN_EMPTY_BODY = YES;
				CLANG_WARN_ENUM_CONVERSION = YES;
				CLANG_WARN_INFINITE_RECURSION = YES;
				CLANG_WARN_INT_CONVERSION = YES;
				CLANG_WARN_NON_LITERAL_NULL_CONVERSION = YES;
				CLANG_WARN_OBJC_IMPLICIT_RETAIN_SELF = YES;
				CLANG_WARN_OBJC_LITERAL_CONVERSION = YES;
				CLANG_WARN_OBJC_ROOT_CLASS = YES_ERROR;
				CLANG_WARN_QUOTED_INCLUDE_IN_FRAMEWORK_HEADER = YES;
				CLANG_WARN_RANGE_LOOP_ANALYSIS = YES;
				CLANG_WARN_STRICT_PROTOTYPES = YES;
				CLANG_WARN_SUSPICIOUS_MOVE = YES;
				CLANG_WARN_UNGUARDED_AVAILABILITY = YES_AGGRESSIVE;
				CLANG_WARN_UNREACHABLE_CODE = YES;
				CLANG_WARN__DUPLICATE_METHOD_MATCH = YES;
				COPY_PHASE_STRIP = NO;
				DEBUG_INFORMATION_FORMAT = dwarf;
				ENABLE_STRICT_OBJC_MSGSEND = YES;
				ENABLE_TESTABILITY = YES;
				GCC_C_LANGUAGE_STANDARD = gnu11;
				GCC_DYNAMIC_NO_PIC = NO;
				GCC_NO_COMMON_BLOCKS = YES;
				GCC_OPTIMIZATION_LEVEL = 0;
				GCC_PREPROCESSOR_DEFINITIONS = (
					"DEBUG=1",
					"$(inherited)",
				);
				GCC_WARN_64_TO_32_BIT_CONVERSION = YES;
				GCC_WARN_ABOUT_RETURN_TYPE = YES_ERROR;
				GCC_WARN_UNDECLARED_SELECTOR = YES;
				GCC_WARN_UNINITIALIZED_AUTOS = YES_AGGRESSIVE;
				GCC_WARN_UNUSED_FUNCTION = YES;
				GCC_WARN_UNUSED_VARIABLE = YES;
				IPHONEOS_DEPLOYMENT_TARGET = 14.5;
				MTL_ENABLE_DEBUG_INFO = INCLUDE_SOURCE;
				MTL_FAST_MATH = YES;
				ONLY_ACTIVE_ARCH = YES;
				SDKROOT = iphoneos;
				SWIFT_ACTIVE_COMPILATION_CONDITIONS = DEBUG;
				SWIFT_OPTIMIZATION_LEVEL = "-Onone";
			};
			name = Debug;
		};
		724996F426B7002800E1955C /* Release */ = {
			isa = XCBuildConfiguration;
			buildSettings = {
				ALWAYS_SEARCH_USER_PATHS = NO;
				CLANG_ANALYZER_NONNULL = YES;
				CLANG_ANALYZER_NUMBER_OBJECT_CONVERSION = YES_AGGRESSIVE;
				CLANG_CXX_LANGUAGE_STANDARD = "gnu++14";
				CLANG_CXX_LIBRARY = "libc++";
				CLANG_ENABLE_MODULES = YES;
				CLANG_ENABLE_OBJC_ARC = YES;
				CLANG_ENABLE_OBJC_WEAK = YES;
				CLANG_WARN_BLOCK_CAPTURE_AUTORELEASING = YES;
				CLANG_WARN_BOOL_CONVERSION = YES;
				CLANG_WARN_COMMA = YES;
				CLANG_WARN_CONSTANT_CONVERSION = YES;
				CLANG_WARN_DEPRECATED_OBJC_IMPLEMENTATIONS = YES;
				CLANG_WARN_DIRECT_OBJC_ISA_USAGE = YES_ERROR;
				CLANG_WARN_DOCUMENTATION_COMMENTS = YES;
				CLANG_WARN_EMPTY_BODY = YES;
				CLANG_WARN_ENUM_CONVERSION = YES;
				CLANG_WARN_INFINITE_RECURSION = YES;
				CLANG_WARN_INT_CONVERSION = YES;
				CLANG_WARN_NON_LITERAL_NULL_CONVERSION = YES;
				CLANG_WARN_OBJC_IMPLICIT_RETAIN_SELF = YES;
				CLANG_WARN_OBJC_LITERAL_CONVERSION = YES;
				CLANG_WARN_OBJC_ROOT_CLASS = YES_ERROR;
				CLANG_WARN_QUOTED_INCLUDE_IN_FRAMEWORK_HEADER = YES;
				CLANG_WARN_RANGE_LOOP_ANALYSIS = YES;
				CLANG_WARN_STRICT_PROTOTYPES = YES;
				CLANG_WARN_SUSPICIOUS_MOVE = YES;
				CLANG_WARN_UNGUARDED_AVAILABILITY = YES_AGGRESSIVE;
				CLANG_WARN_UNREACHABLE_CODE = YES;
				CLANG_WARN__DUPLICATE_METHOD_MATCH = YES;
				COPY_PHASE_STRIP = NO;
				DEBUG_INFORMATION_FORMAT = "dwarf-with-dsym";
				ENABLE_NS_ASSERTIONS = NO;
				ENABLE_STRICT_OBJC_MSGSEND = YES;
				GCC_C_LANGUAGE_STANDARD = gnu11;
				GCC_NO_COMMON_BLOCKS = YES;
				GCC_WARN_64_TO_32_BIT_CONVERSION = YES;
				GCC_WARN_ABOUT_RETURN_TYPE = YES_ERROR;
				GCC_WARN_UNDECLARED_SELECTOR = YES;
				GCC_WARN_UNINITIALIZED_AUTOS = YES_AGGRESSIVE;
				GCC_WARN_UNUSED_FUNCTION = YES;
				GCC_WARN_UNUSED_VARIABLE = YES;
				IPHONEOS_DEPLOYMENT_TARGET = 14.5;
				MTL_ENABLE_DEBUG_INFO = NO;
				MTL_FAST_MATH = YES;
				SDKROOT = iphoneos;
				SWIFT_COMPILATION_MODE = wholemodule;
				SWIFT_OPTIMIZATION_LEVEL = "-O";
				VALIDATE_PRODUCT = YES;
			};
			name = Release;
		};
		724996F626B7002800E1955C /* Debug */ = {
			isa = XCBuildConfiguration;
			buildSettings = {
				ASSETCATALOG_COMPILER_APPICON_NAME = AppIcon;
				ASSETCATALOG_COMPILER_GLOBAL_ACCENT_COLOR_NAME = AccentColor;
				CODE_SIGN_STYLE = Automatic;
				DEVELOPMENT_ASSET_PATHS = "\"FriendFace/Preview Content\"";
				DEVELOPMENT_TEAM = S4G67KLBRN;
				ENABLE_PREVIEWS = YES;
				INFOPLIST_FILE = FriendFace/Info.plist;
				LD_RUNPATH_SEARCH_PATHS = (
					"$(inherited)",
					"@executable_path/Frameworks",
				);
				PRODUCT_BUNDLE_IDENTIFIER = "com.saj-panchal.herokuapp.FriendFace";
				PRODUCT_NAME = "$(TARGET_NAME)";
				SWIFT_VERSION = 5.0;
				TARGETED_DEVICE_FAMILY = "1,2";
			};
			name = Debug;
		};
		724996F726B7002800E1955C /* Release */ = {
			isa = XCBuildConfiguration;
			buildSettings = {
				ASSETCATALOG_COMPILER_APPICON_NAME = AppIcon;
				ASSETCATALOG_COMPILER_GLOBAL_ACCENT_COLOR_NAME = AccentColor;
				CODE_SIGN_STYLE = Automatic;
				DEVELOPMENT_ASSET_PATHS = "\"FriendFace/Preview Content\"";
				DEVELOPMENT_TEAM = S4G67KLBRN;
				ENABLE_PREVIEWS = YES;
				INFOPLIST_FILE = FriendFace/Info.plist;
				LD_RUNPATH_SEARCH_PATHS = (
					"$(inherited)",
					"@executable_path/Frameworks",
				);
				PRODUCT_BUNDLE_IDENTIFIER = "com.saj-panchal.herokuapp.FriendFace";
				PRODUCT_NAME = "$(TARGET_NAME)";
				SWIFT_VERSION = 5.0;
				TARGETED_DEVICE_FAMILY = "1,2";
			};
			name = Release;
		};
/* End XCBuildConfiguration section */

/* Begin XCConfigurationList section */
		724996DC26B7002500E1955C /* Build configuration list for PBXProject "FriendFace" */ = {
			isa = XCConfigurationList;
			buildConfigurations = (
				724996F326B7002800E1955C /* Debug */,
				724996F426B7002800E1955C /* Release */,
			);
			defaultConfigurationIsVisible = 0;
			defaultConfigurationName = Release;
		};
		724996F526B7002800E1955C /* Build configuration list for PBXNativeTarget "FriendFace" */ = {
			isa = XCConfigurationList;
			buildConfigurations = (
				724996F626B7002800E1955C /* Debug */,
				724996F726B7002800E1955C /* Release */,
			);
			defaultConfigurationIsVisible = 0;
			defaultConfigurationName = Release;
		};
/* End XCConfigurationList section */

/* Begin XCVersionGroup section */
		7203852326B83C930069EE18 /* Model.xcdatamodeld */ = {
			isa = XCVersionGroup;
			children = (
				7203852426B83C930069EE18 /* Model.xcdatamodel */,
			);
			currentVersion = 7203852426B83C930069EE18 /* Model.xcdatamodel */;
			path = Model.xcdatamodeld;
			sourceTree = "<group>";
			versionGroupType = wrapper.xcdatamodel;
		};
/* End XCVersionGroup section */
	};
	rootObject = 724996D926B7002500E1955C /* Project object */;
}
